
Microsoft Visual Studio Solution File, Format Version 12.00
# Visual Studio Version 16
VisualStudioVersion = 16.0.31229.75
MinimumVisualStudioVersion = 10.0.40219.1
Project("{9A19103F-16F7-4668-BE54-9A1E7A4F7556}") = "MySqlDb", "MySqlDb\MySqlDb.csproj", "{2A84D27A-2DAB-4C38-87DA-9D950EE4B408}"
EndProject
Project("{FAE04EC0-301F-11D3-BF4B-00C04F79EFBC}") = "Demo.UI", "Demo.UI\Demo.UI.csproj", "{DCBA1071-C7F6-4EC1-9EC2-81449CA0C589}"
EndProject
Project("{FAE04EC0-301F-11D3-BF4B-00C04F79EFBC}") = "MSSqlDb", "MSSqlDb\MSSqlDb.csproj", "{3AF58CB4-7576-401D-9CA5-D2D86E4F6FB4}"
EndProject
Global
	GlobalSection(SolutionConfigurationPlatforms) = preSolution
		Debug|Any CPU = Debug|Any CPU
		Release|Any CPU = Release|Any CPU
	EndGlobalSection
	GlobalSection(ProjectConfigurationPlatforms) = postSolution
		{2A84D27A-2DAB-4C38-87DA-9D950EE4B408}.Debug|Any CPU.ActiveCfg = Debug|Any CPU
		{2A84D27A-2DAB-4C38-87DA-9D950EE4B408}.Debug|Any CPU.Build.0 = Debug|Any CPU
		{2A84D27A-2DAB-4C38-87DA-9D950EE4B408}.Release|Any CPU.ActiveCfg = Release|Any CPU
		{2A84D27A-2DAB-4C38-87DA-9D950EE4B408}.Release|Any CPU.Build.0 = Release|Any CPU
		{DCBA1071-C7F6-4EC1-9EC2-81449CA0C589}.Debug|Any CPU.ActiveCfg = Debug|Any CPU
		{DCBA1071-C7F6-4EC1-9EC2-81449CA0C589}.Debug|Any CPU.Build.0 = Debug|Any CPU
		{DCBA1071-C7F6-4EC1-9EC2-81449CA0C589}.Release|Any CPU.ActiveCfg = Release|Any CPU
		{DCBA1071-C7F6-4EC1-9EC2-81449CA0C589}.Release|Any CPU.Build.0 = Release|Any CPU
		{3AF58CB4-7576-401D-9CA5-D2D86E4F6FB4}.Debug|Any CPU.ActiveCfg = Debug|Any CPU
		{3AF58CB4-7576-401D-9CA5-D2D86E4F6FB4}.Debug|Any CPU.Build.0 = Debug|Any CPU
		{3AF58CB4-7576-401D-9CA5-D2D86E4F6FB4}.Release|Any CPU.ActiveCfg = Release|Any CPU
		{3AF58CB4-7576-401D-9CA5-D2D86E4F6FB4}.Release|Any CPU.Build.0 = Release|Any CPU
	EndGlobalSection
	GlobalSection(SolutionProperties) = preSolution
		HideSolutionNode = FALSE
	EndGlobalSection
	GlobalSection(ExtensibilityGlobals) = postSolution
		SolutionGuid = {1FADB435-4DDC-46A6-9758-2D0741A1F490}
	EndGlobalSection
EndGlobal
